{
  "version": 4,
  "terraform_version": "1.9.8",
  "serial": 167,
  "lineage": "5ce69f8c-dde8-75ee-8c57-2d67e0daba5f",
  "outputs": {},
  "resources": [
    {
      "mode": "managed",
      "type": "aws_internet_gateway",
      "name": "igw",
      "provider": "provider[\"registry.terraform.io/hashicorp/aws\"]",
      "instances": [
        {
          "schema_version": 0,
          "attributes": {
            "arn": "arn:aws:ec2:eu-west-2:905674322808:internet-gateway/igw-0a5e4178d75396a2e",
            "id": "igw-0a5e4178d75396a2e",
            "owner_id": "905674322808",
            "region": "eu-west-2",
            "tags": {
              "Name": "igw-main"
            },
            "tags_all": {
              "Name": "igw-main"
            },
            "timeouts": null,
            "vpc_id": "vpc-0c672724b45f91194"
          },
          "sensitive_attributes": [],
          "private": "eyJlMmJmYjczMC1lY2FhLTExZTYtOGY4OC0zNDM2M2JjN2M0YzAiOnsiY3JlYXRlIjoxMjAwMDAwMDAwMDAwLCJkZWxldGUiOjEyMDAwMDAwMDAwMDAsInVwZGF0ZSI6MTIwMDAwMDAwMDAwMH19",
          "dependencies": [
            "aws_vpc.wp_vpc"
          ]
        }
      ]
    },
    {
      "mode": "managed",
      "type": "aws_key_pair",
      "name": "wp_key",
      "provider": "provider[\"registry.terraform.io/hashicorp/aws\"]",
      "instances": [
        {
          "schema_version": 1,
          "attributes": {
            "arn": "arn:aws:ec2:eu-west-2:905674322808:key-pair/wp-key",
            "fingerprint": "88:e6:cf:b2:fa:26:a0:13:29:0f:e1:d3:1d:27:22:f0",
            "id": "wp-key",
            "key_name": "wp-key",
            "key_name_prefix": "",
            "key_pair_id": "key-0910c49533aeeb50a",
            "key_type": "rsa",
            "public_key": "ssh-rsa AAAAB3NzaC1yc2EAAAADAQABAAACAQC4CbkRfep1HgEuXrKp8s/lPM+Rhm6RTLgI1zljG/SFMo1/qFR1ni4KIDvivEDifppFkNA0IqHVb2d7o/hNTWvb4t25d4b0hQe4avW2xwAycTKluW1GnGPc8RtlCNGAEnBvuuHB6EsZtVxGn6qY09Nc1x2H8m1+N+4FSeC14E6/CPVBAdZmRyGdQTI7fNGj5PibJTffK3e5Ycv/LoEWOZGYrcZUX16oGzsDuqOd/DF8vwRecf2lWQNMifaL2XXZWvCsjpfXC/3NkKASvGmv+3K5E/0aa01nE3Ici5UZG49zxJ1NdQb73yFSedOp5CCg+gFYrlDTXjYiuTtQD+Z8Rz5Q++xKCBTJ2Rca2ouvVnL3D8OUQY9eIcGDRLG6tpcym9wmbBKlqdHVIc7g8KNRJoGS4zdhb9rhSr2TtTxO01OwZrUqYsICEWRZmiB4tsQBMjA8M/YCcezFb2GD3v3hB3netxN7Iv9rCMNQwMokrKot+cREgoBplesPWkBHNJbmSpnSPBiKDD2ZzcmBvn5DywA77gHqDqW+1VF29RNkKQn0ZPxkvC8e1+hapCKG1ufr0PRXaY2LH5csRf0ERpNMSfZEOxVnIgoSlzf3wAxmE7L0gzdcRl2vybfZFbeHMVbAlpzWYnM4eaHJTZXe8HigCpuszIHFhGualB7Gl/zK387pMw== aftab@DESKTOP-HUUQ02P",
            "region": "eu-west-2",
            "tags": null,
            "tags_all": {}
          },
          "sensitive_attributes": [],
          "private": "eyJzY2hlbWFfdmVyc2lvbiI6IjEifQ=="
        }
      ]
    },
    {
      "mode": "managed",
      "type": "aws_route_table",
      "name": "main_rt_public",
      "provider": "provider[\"registry.terraform.io/hashicorp/aws\"]",
      "instances": [
        {
          "schema_version": 0,
          "attributes": {
            "arn": "arn:aws:ec2:eu-west-2:905674322808:route-table/rtb-0b5388a42fbb0b677",
            "id": "rtb-0b5388a42fbb0b677",
            "owner_id": "905674322808",
            "propagating_vgws": [],
            "region": "eu-west-2",
            "route": [
              {
                "carrier_gateway_id": "",
                "cidr_block": "0.0.0.0/0",
                "core_network_arn": "",
                "destination_prefix_list_id": "",
                "egress_only_gateway_id": "",
                "gateway_id": "igw-0a5e4178d75396a2e",
                "ipv6_cidr_block": "",
                "local_gateway_id": "",
                "nat_gateway_id": "",
                "network_interface_id": "",
                "transit_gateway_id": "",
                "vpc_endpoint_id": "",
                "vpc_peering_connection_id": ""
              }
            ],
            "tags": {
              "Name": "main_rt_public"
            },
            "tags_all": {
              "Name": "main_rt_public"
            },
            "timeouts": null,
            "vpc_id": "vpc-0c672724b45f91194"
          },
          "sensitive_attributes": [],
          "private": "eyJlMmJmYjczMC1lY2FhLTExZTYtOGY4OC0zNDM2M2JjN2M0YzAiOnsiY3JlYXRlIjozMDAwMDAwMDAwMDAsImRlbGV0ZSI6MzAwMDAwMDAwMDAwLCJ1cGRhdGUiOjEyMDAwMDAwMDAwMH19",
          "dependencies": [
            "aws_internet_gateway.igw",
            "aws_vpc.wp_vpc"
          ]
        }
      ]
    },
    {
      "mode": "managed",
      "type": "aws_route_table_association",
      "name": "subnet_assoc",
      "provider": "provider[\"registry.terraform.io/hashicorp/aws\"]",
      "instances": [
        {
          "schema_version": 0,
          "attributes": {
            "gateway_id": "",
            "id": "rtbassoc-017088316a711b054",
            "region": "eu-west-2",
            "route_table_id": "rtb-0b5388a42fbb0b677",
            "subnet_id": "subnet-098a19c9f71d7deaf",
            "timeouts": null
          },
          "sensitive_attributes": [],
          "private": "eyJlMmJmYjczMC1lY2FhLTExZTYtOGY4OC0zNDM2M2JjN2M0YzAiOnsiY3JlYXRlIjozMDAwMDAwMDAwMDAsImRlbGV0ZSI6MzAwMDAwMDAwMDAwLCJ1cGRhdGUiOjEyMDAwMDAwMDAwMH19",
          "dependencies": [
            "aws_internet_gateway.igw",
            "aws_route_table.main_rt_public",
            "aws_subnet.public_subnet",
            "aws_vpc.wp_vpc"
          ]
        }
      ]
    },
    {
      "mode": "managed",
      "type": "aws_security_group",
      "name": "aws_sg",
      "provider": "provider[\"registry.terraform.io/hashicorp/aws\"]",
      "instances": [
        {
          "schema_version": 1,
          "attributes": {
            "arn": "arn:aws:ec2:eu-west-2:905674322808:security-group/sg-04eff16e0c408faf3",
            "description": "Security group for WordPress EC2",
            "egress": [],
            "id": "sg-04eff16e0c408faf3",
            "ingress": [],
            "name": "aws_sg",
            "name_prefix": "",
            "owner_id": "905674322808",
            "region": "eu-west-2",
            "revoke_rules_on_delete": false,
            "tags": {
              "Name": "aws_sg"
            },
            "tags_all": {
              "Name": "aws_sg"
            },
            "timeouts": null,
            "vpc_id": "vpc-0c672724b45f91194"
          },
          "sensitive_attributes": [],
          "private": "eyJlMmJmYjczMC1lY2FhLTExZTYtOGY4OC0zNDM2M2JjN2M0YzAiOnsiY3JlYXRlIjo2MDAwMDAwMDAwMDAsImRlbGV0ZSI6OTAwMDAwMDAwMDAwfSwic2NoZW1hX3ZlcnNpb24iOiIxIn0=",
          "dependencies": [
            "aws_vpc.wp_vpc"
          ]
        }
      ]
    },
    {
      "mode": "managed",
      "type": "aws_subnet",
      "name": "public_subnet",
      "provider": "provider[\"registry.terraform.io/hashicorp/aws\"]",
      "instances": [
        {
          "schema_version": 1,
          "attributes": {
            "arn": "arn:aws:ec2:eu-west-2:905674322808:subnet/subnet-098a19c9f71d7deaf",
            "assign_ipv6_address_on_creation": false,
            "availability_zone": "eu-west-2a",
            "availability_zone_id": "euw2-az2",
            "cidr_block": "10.0.1.0/24",
            "customer_owned_ipv4_pool": "",
            "enable_dns64": false,
            "enable_lni_at_device_index": 0,
            "enable_resource_name_dns_a_record_on_launch": false,
            "enable_resource_name_dns_aaaa_record_on_launch": false,
            "id": "subnet-098a19c9f71d7deaf",
            "ipv6_cidr_block": "",
            "ipv6_cidr_block_association_id": "",
            "ipv6_native": false,
            "map_customer_owned_ip_on_launch": false,
            "map_public_ip_on_launch": true,
            "outpost_arn": "",
            "owner_id": "905674322808",
            "private_dns_hostname_type_on_launch": "ip-name",
            "region": "eu-west-2",
            "tags": {
              "Name": "public-subnet-main"
            },
            "tags_all": {
              "Name": "public-subnet-main"
            },
            "timeouts": null,
            "vpc_id": "vpc-0c672724b45f91194"
          },
          "sensitive_attributes": [],
          "private": "eyJlMmJmYjczMC1lY2FhLTExZTYtOGY4OC0zNDM2M2JjN2M0YzAiOnsiY3JlYXRlIjo2MDAwMDAwMDAwMDAsImRlbGV0ZSI6MTIwMDAwMDAwMDAwMH0sInNjaGVtYV92ZXJzaW9uIjoiMSJ9",
          "dependencies": [
            "aws_vpc.wp_vpc"
          ]
        }
      ]
    },
    {
      "mode": "managed",
      "type": "aws_vpc",
      "name": "wp_vpc",
      "provider": "provider[\"registry.terraform.io/hashicorp/aws\"]",
      "instances": [
        {
          "schema_version": 1,
          "attributes": {
            "arn": "arn:aws:ec2:eu-west-2:905674322808:vpc/vpc-0c672724b45f91194",
            "assign_generated_ipv6_cidr_block": false,
            "cidr_block": "10.0.0.0/16",
            "default_network_acl_id": "acl-0cbb881abc781ed68",
            "default_route_table_id": "rtb-08ba2e9420feb42fe",
            "default_security_group_id": "sg-0862b8e9756d41199",
            "dhcp_options_id": "dopt-303b1758",
            "enable_dns_hostnames": true,
            "enable_dns_support": true,
            "enable_network_address_usage_metrics": false,
            "id": "vpc-0c672724b45f91194",
            "instance_tenancy": "default",
            "ipv4_ipam_pool_id": null,
            "ipv4_netmask_length": null,
            "ipv6_association_id": "",
            "ipv6_cidr_block": "",
            "ipv6_cidr_block_network_border_group": "",
            "ipv6_ipam_pool_id": "",
            "ipv6_netmask_length": 0,
            "main_route_table_id": "rtb-08ba2e9420feb42fe",
            "owner_id": "905674322808",
            "region": "eu-west-2",
            "tags": {
              "Name": "wp-vpc"
            },
            "tags_all": {
              "Name": "wp-vpc"
            }
          },
          "sensitive_attributes": [],
          "private": "eyJzY2hlbWFfdmVyc2lvbiI6IjEifQ=="
        }
      ]
    },
    {
      "mode": "managed",
      "type": "aws_vpc_security_group_egress_rule",
      "name": "allow_all_outbound",
      "provider": "provider[\"registry.terraform.io/hashicorp/aws\"]",
      "instances": [
        {
          "schema_version": 0,
          "attributes": {
            "arn": "arn:aws:ec2:eu-west-2:905674322808:security-group-rule/sgr-0aa153efa414587dd",
            "cidr_ipv4": "0.0.0.0/0",
            "cidr_ipv6": null,
            "description": null,
            "from_port": null,
            "id": "sgr-0aa153efa414587dd",
            "ip_protocol": "-1",
            "prefix_list_id": null,
            "referenced_security_group_id": null,
            "region": "eu-west-2",
            "security_group_id": "sg-04eff16e0c408faf3",
            "security_group_rule_id": "sgr-0aa153efa414587dd",
            "tags": null,
            "tags_all": {},
            "to_port": null
          },
          "sensitive_attributes": [],
          "dependencies": [
            "aws_security_group.aws_sg",
            "aws_vpc.wp_vpc"
          ]
        }
      ]
    },
    {
      "mode": "managed",
      "type": "aws_vpc_security_group_ingress_rule",
      "name": "allow_http",
      "provider": "provider[\"registry.terraform.io/hashicorp/aws\"]",
      "instances": [
        {
          "schema_version": 0,
          "attributes": {
            "arn": "arn:aws:ec2:eu-west-2:905674322808:security-group-rule/sgr-030728b51b634d959",
            "cidr_ipv4": "0.0.0.0/0",
            "cidr_ipv6": null,
            "description": null,
            "from_port": 80,
            "id": "sgr-030728b51b634d959",
            "ip_protocol": "tcp",
            "prefix_list_id": null,
            "referenced_security_group_id": null,
            "region": "eu-west-2",
            "security_group_id": "sg-04eff16e0c408faf3",
            "security_group_rule_id": "sgr-030728b51b634d959",
            "tags": null,
            "tags_all": {},
            "to_port": 80
          },
          "sensitive_attributes": [],
          "dependencies": [
            "aws_security_group.aws_sg",
            "aws_vpc.wp_vpc"
          ]
        }
      ]
    },
    {
      "mode": "managed",
      "type": "aws_vpc_security_group_ingress_rule",
      "name": "allow_ssh",
      "provider": "provider[\"registry.terraform.io/hashicorp/aws\"]",
      "instances": [
        {
          "schema_version": 0,
          "attributes": {
            "arn": "arn:aws:ec2:eu-west-2:905674322808:security-group-rule/sgr-059a182f5c8c10026",
            "cidr_ipv4": "86.181.226.251/32",
            "cidr_ipv6": null,
            "description": null,
            "from_port": 22,
            "id": "sgr-059a182f5c8c10026",
            "ip_protocol": "tcp",
            "prefix_list_id": null,
            "referenced_security_group_id": null,
            "region": "eu-west-2",
            "security_group_id": "sg-04eff16e0c408faf3",
            "security_group_rule_id": "sgr-059a182f5c8c10026",
            "tags": null,
            "tags_all": {},
            "to_port": 22
          },
          "sensitive_attributes": [],
          "dependencies": [
            "aws_security_group.aws_sg",
            "aws_vpc.wp_vpc"
          ]
        }
      ]
    },
    {
      "module": "module.ec2",
      "mode": "managed",
      "type": "aws_instance",
      "name": "this",
      "provider": "provider[\"registry.terraform.io/hashicorp/aws\"]",
      "instances": [
        {
          "schema_version": 2,
          "attributes": {
            "ami": "ami-099400d52583dd8c4",
            "arn": "arn:aws:ec2:eu-west-2:905674322808:instance/i-0af2047a8e0bc7469",
            "associate_public_ip_address": true,
            "availability_zone": "eu-west-2a",
            "capacity_reservation_specification": [
              {
                "capacity_reservation_preference": "open",
                "capacity_reservation_target": []
              }
            ],
            "cpu_options": [
              {
                "amd_sev_snp": "",
                "core_count": 1,
                "threads_per_core": 2
              }
            ],
            "credit_specification": [
              {
                "cpu_credits": "unlimited"
              }
            ],
            "disable_api_stop": false,
            "disable_api_termination": false,
            "ebs_block_device": [],
            "ebs_optimized": false,
            "enable_primary_ipv6": null,
            "enclave_options": [
              {
                "enabled": false
              }
            ],
            "ephemeral_block_device": [],
            "force_destroy": false,
            "get_password_data": false,
            "hibernation": false,
            "host_id": "",
            "host_resource_group_arn": null,
            "iam_instance_profile": "",
            "id": "i-0af2047a8e0bc7469",
            "instance_initiated_shutdown_behavior": "stop",
            "instance_lifecycle": "",
            "instance_market_options": [],
            "instance_state": "running",
            "instance_type": "t3.micro",
            "ipv6_address_count": 0,
            "ipv6_addresses": [],
            "key_name": "wp-key",
            "launch_template": [],
            "maintenance_options": [
              {
                "auto_recovery": "default"
              }
            ],
            "metadata_options": [
              {
                "http_endpoint": "enabled",
                "http_protocol_ipv6": "disabled",
                "http_put_response_hop_limit": 2,
                "http_tokens": "required",
                "instance_metadata_tags": "disabled"
              }
            ],
            "monitoring": false,
            "network_interface": [],
            "outpost_arn": "",
            "password_data": "",
            "placement_group": "",
            "placement_group_id": "",
            "placement_partition_number": 0,
            "primary_network_interface": [
              {
                "delete_on_termination": true,
                "network_interface_id": "eni-00df6c9dd0401e250"
              }
            ],
            "primary_network_interface_id": "eni-00df6c9dd0401e250",
            "private_dns": "ip-10-0-1-186.eu-west-2.compute.internal",
            "private_dns_name_options": [
              {
                "enable_resource_name_dns_a_record": false,
                "enable_resource_name_dns_aaaa_record": false,
                "hostname_type": "ip-name"
              }
            ],
            "private_ip": "10.0.1.186",
            "public_dns": "ec2-18-171-58-211.eu-west-2.compute.amazonaws.com",
            "public_ip": "18.171.58.211",
            "region": "eu-west-2",
            "root_block_device": [
              {
                "delete_on_termination": true,
                "device_name": "/dev/xvda",
                "encrypted": false,
                "iops": 3000,
                "kms_key_id": "",
                "tags": {},
                "tags_all": {},
                "throughput": 125,
                "volume_id": "vol-0962bf2327c109dd5",
                "volume_size": 8,
                "volume_type": "gp3"
              }
            ],
            "secondary_private_ips": [],
            "security_groups": [],
            "source_dest_check": true,
            "spot_instance_request_id": "",
            "subnet_id": "subnet-098a19c9f71d7deaf",
            "tags": null,
            "tags_all": {},
            "tenancy": "default",
            "timeouts": null,
            "user_data": "#!/bin/bash\n\n# update OS\nyum update -y\n\n# install web server, start and enable it\nyum install -y httpd\nsystemctl start httpd\nsystemctl enable httpd\n\n# install php and php extension\nyum install -y php php-mysqlnd\n\n# install mysql, start and enable it\nyum install -y mariadb\nsystemctl start mariadb\nsystemctl enable mariadb\n\n# remove default apache test page\nrm -f /var/www/html/index.html\n\n# install wordpress\nwget https://wordpress.org/latest.tar.gz\ntar -xf latest.tar.gz\n\n# move the files to /var/www/html\ncp -r wordpress/* /var/www/html/\n\n# configure permissions (directories, files)\nchown -R apache:apache /var/www/html \nfind /var/www/html -type d -exec chmod 755 {} \\; \nfind /var/www/html -type f -exec chmod 644 {} \\; \n\n# restart apache\nsystemctl restart httpd",
            "user_data_base64": null,
            "user_data_replace_on_change": false,
            "volume_tags": null,
            "vpc_security_group_ids": [
              "sg-04eff16e0c408faf3"
            ]
          },
          "sensitive_attributes": [],
          "private": "eyJlMmJmYjczMC1lY2FhLTExZTYtOGY4OC0zNDM2M2JjN2M0YzAiOnsiY3JlYXRlIjo2MDAwMDAwMDAwMDAsImRlbGV0ZSI6MTIwMDAwMDAwMDAwMCwicmVhZCI6OTAwMDAwMDAwMDAwLCJ1cGRhdGUiOjYwMDAwMDAwMDAwMH0sInNjaGVtYV92ZXJzaW9uIjoiMiJ9",
          "dependencies": [
            "aws_key_pair.wp_key",
            "aws_security_group.aws_sg",
            "aws_subnet.public_subnet",
            "aws_vpc.wp_vpc"
          ]
        }
      ]
    }
  ],
  "check_results": null
}
